
Microsoft Visual Studio Solution File, Format Version 12.00
# Visual Studio 2012
Project("{FAE04EC0-301F-11D3-BF4B-00C04F79EFBC}") = "Tashkil", "Tashkil\Tashkil.csproj", "{D6063AB5-8750-47F8-8D74-9FB4CAB081E3}"
EndProject
Project("{FAE04EC0-301F-11D3-BF4B-00C04F79EFBC}") = "Tashkil.Windows.Theme", "Tashkil.Windows.Theme\Tashkil.Windows.Theme.csproj", "{14B8B00D-A8E4-4832-9FE1-AD68882D9071}"
EndProject
Project("{FAE04EC0-301F-11D3-BF4B-00C04F79EFBC}") = "SahaWpfTheme20121", "SahaWpfTheme20121\SahaWpfTheme20121.csproj", "{E700F721-81E6-440C-9B37-B3F467CA7CC8}"
EndProject
Global
	GlobalSection(SolutionConfigurationPlatforms) = preSolution
		Debug|Any CPU = Debug|Any CPU
		Release|Any CPU = Release|Any CPU
	EndGlobalSection
	GlobalSection(ProjectConfigurationPlatforms) = postSolution
		{D6063AB5-8750-47F8-8D74-9FB4CAB081E3}.Debug|Any CPU.ActiveCfg = Debug|Any CPU
		{D6063AB5-8750-47F8-8D74-9FB4CAB081E3}.Debug|Any CPU.Build.0 = Debug|Any CPU
		{D6063AB5-8750-47F8-8D74-9FB4CAB081E3}.Release|Any CPU.ActiveCfg = Release|Any CPU
		{D6063AB5-8750-47F8-8D74-9FB4CAB081E3}.Release|Any CPU.Build.0 = Release|Any CPU
		{14B8B00D-A8E4-4832-9FE1-AD68882D9071}.Debug|Any CPU.ActiveCfg = Debug|Any CPU
		{14B8B00D-A8E4-4832-9FE1-AD68882D9071}.Debug|Any CPU.Build.0 = Debug|Any CPU
		{14B8B00D-A8E4-4832-9FE1-AD68882D9071}.Release|Any CPU.ActiveCfg = Release|Any CPU
		{14B8B00D-A8E4-4832-9FE1-AD68882D9071}.Release|Any CPU.Build.0 = Release|Any CPU
		{E700F721-81E6-440C-9B37-B3F467CA7CC8}.Debug|Any CPU.ActiveCfg = Debug|Any CPU
		{E700F721-81E6-440C-9B37-B3F467CA7CC8}.Debug|Any CPU.Build.0 = Debug|Any CPU
		{E700F721-81E6-440C-9B37-B3F467CA7CC8}.Release|Any CPU.ActiveCfg = Release|Any CPU
		{E700F721-81E6-440C-9B37-B3F467CA7CC8}.Release|Any CPU.Build.0 = Release|Any CPU
	EndGlobalSection
	GlobalSection(SolutionProperties) = preSolution
		HideSolutionNode = FALSE
	EndGlobalSection
EndGlobal
